
Microsoft Visual Studio Solution File, Format Version 12.00
# Visual Studio 15
VisualStudioVersion = 15.0.28307.852
MinimumVisualStudioVersion = 10.0.40219.1
Project("{8BC9CEB8-8B4A-11D0-8D11-00A0C91BC942}") = "FileClientx", "FileClientx\FileClientx.vcxproj", "{211145D8-7ABC-4B82-80ED-4F18B78FF61C}"
EndProject
Project("{8BC9CEB8-8B4A-11D0-8D11-00A0C91BC942}") = "FileServer", "FileServer\FileServer.vcxproj", "{9DD4A310-EEC1-4A82-AD04-BD8DD6580E2B}"
EndProject
Global
	GlobalSection(SolutionConfigurationPlatforms) = preSolution
		Debug|Mixed Platforms = Debug|Mixed Platforms
		Debug|Win32 = Debug|Win32
		Debug|x64 = Debug|x64
		Debug|x86 = Debug|x86
		Release|Mixed Platforms = Release|Mixed Platforms
		Release|Win32 = Release|Win32
		Release|x64 = Release|x64
		Release|x86 = Release|x86
	EndGlobalSection
	GlobalSection(ProjectConfigurationPlatforms) = postSolution
		{211145D8-7ABC-4B82-80ED-4F18B78FF61C}.Debug|Mixed Platforms.ActiveCfg = Debug|Win32
		{211145D8-7ABC-4B82-80ED-4F18B78FF61C}.Debug|Mixed Platforms.Build.0 = Debug|Win32
		{211145D8-7ABC-4B82-80ED-4F18B78FF61C}.Debug|Win32.ActiveCfg = Debug|Win32
		{211145D8-7ABC-4B82-80ED-4F18B78FF61C}.Debug|Win32.Build.0 = Debug|Win32
		{211145D8-7ABC-4B82-80ED-4F18B78FF61C}.Debug|x64.ActiveCfg = Debug|Win32
		{211145D8-7ABC-4B82-80ED-4F18B78FF61C}.Debug|x86.ActiveCfg = Debug|Win32
		{211145D8-7ABC-4B82-80ED-4F18B78FF61C}.Debug|x86.Build.0 = Debug|Win32
		{211145D8-7ABC-4B82-80ED-4F18B78FF61C}.Release|Mixed Platforms.ActiveCfg = Release|Win32
		{211145D8-7ABC-4B82-80ED-4F18B78FF61C}.Release|Mixed Platforms.Build.0 = Release|Win32
		{211145D8-7ABC-4B82-80ED-4F18B78FF61C}.Release|Win32.ActiveCfg = Release|Win32
		{211145D8-7ABC-4B82-80ED-4F18B78FF61C}.Release|Win32.Build.0 = Release|Win32
		{211145D8-7ABC-4B82-80ED-4F18B78FF61C}.Release|x64.ActiveCfg = Release|Win32
		{211145D8-7ABC-4B82-80ED-4F18B78FF61C}.Release|x86.ActiveCfg = Release|Win32
		{211145D8-7ABC-4B82-80ED-4F18B78FF61C}.Release|x86.Build.0 = Release|Win32
		{9DD4A310-EEC1-4A82-AD04-BD8DD6580E2B}.Debug|Mixed Platforms.ActiveCfg = Debug|Win32
		{9DD4A310-EEC1-4A82-AD04-BD8DD6580E2B}.Debug|Mixed Platforms.Build.0 = Debug|Win32
		{9DD4A310-EEC1-4A82-AD04-BD8DD6580E2B}.Debug|Win32.ActiveCfg = Debug|Win32
		{9DD4A310-EEC1-4A82-AD04-BD8DD6580E2B}.Debug|Win32.Build.0 = Debug|Win32
		{9DD4A310-EEC1-4A82-AD04-BD8DD6580E2B}.Debug|x64.ActiveCfg = Debug|Win32
		{9DD4A310-EEC1-4A82-AD04-BD8DD6580E2B}.Debug|x86.ActiveCfg = Debug|Win32
		{9DD4A310-EEC1-4A82-AD04-BD8DD6580E2B}.Debug|x86.Build.0 = Debug|Win32
		{9DD4A310-EEC1-4A82-AD04-BD8DD6580E2B}.Release|Mixed Platforms.ActiveCfg = Release|Win32
		{9DD4A310-EEC1-4A82-AD04-BD8DD6580E2B}.Release|Mixed Platforms.Build.0 = Release|Win32
		{9DD4A310-EEC1-4A82-AD04-BD8DD6580E2B}.Release|Win32.ActiveCfg = Release|Win32
		{9DD4A310-EEC1-4A82-AD04-BD8DD6580E2B}.Release|Win32.Build.0 = Release|Win32
		{9DD4A310-EEC1-4A82-AD04-BD8DD6580E2B}.Release|x64.ActiveCfg = Release|Win32
		{9DD4A310-EEC1-4A82-AD04-BD8DD6580E2B}.Release|x86.ActiveCfg = Release|Win32
		{9DD4A310-EEC1-4A82-AD04-BD8DD6580E2B}.Release|x86.Build.0 = Release|Win32
	EndGlobalSection
	GlobalSection(SolutionProperties) = preSolution
		HideSolutionNode = FALSE
	EndGlobalSection
	GlobalSection(ExtensibilityGlobals) = postSolution
		SolutionGuid = {B30D270A-8EE9-410D-8048-0B7A57021AD0}
	EndGlobalSection
EndGlobal
